
Microsoft Visual Studio Solution File, Format Version 12.00
# Visual Studio Version 16
VisualStudioVersion = 16.0.808.1
MinimumVisualStudioVersion = 10.0.40219.1
Project("{FAE04EC0-301F-11D3-BF4B-00C04F79EFBC}") = "OopDemo", "OopDemo.csproj", "{B0D0EF19-4C9F-4388-87F7-AB8F9E551834}"
EndProject
Global
	GlobalSection(SolutionConfigurationPlatforms) = preSolution
		Debug|anycpu = Debug|anycpu
		Release|anycpu = Release|anycpu
	EndGlobalSection
	GlobalSection(ProjectConfigurationPlatforms) = postSolution
		{B0D0EF19-4C9F-4388-87F7-AB8F9E551834}.Debug|anycpu.ActiveCfg = Debug|anycpu
		{B0D0EF19-4C9F-4388-87F7-AB8F9E551834}.Debug|anycpu.Build.0 = Debug|anycpu
		{B0D0EF19-4C9F-4388-87F7-AB8F9E551834}.Release|anycpu.ActiveCfg = Release|anycpu
		{B0D0EF19-4C9F-4388-87F7-AB8F9E551834}.Release|anycpu.Build.0 = Release|anycpu
	EndGlobalSection
	GlobalSection(SolutionProperties) = preSolution
		HideSolutionNode = FALSE
	EndGlobalSection
	GlobalSection(ExtensibilityGlobals) = postSolution
		SolutionGuid = {071525CB-A846-4657-AB4C-A64A5FB1D202}
	EndGlobalSection
EndGlobal
